[[package]]
name = "appdirs"
version = "1.4.4"
description = "A small Python module for determining appropriate platform-specific dirs, e.g. a \"user data dir\"."
category = "main"
optional = false
python-versions = "*"

[[package]]
name = "attrs"
version = "21.2.0"
description = "Classes Without Boilerplate"
category = "main"
optional = false
python-versions = ">=2.7, !=3.0.*, !=3.1.*, !=3.2.*, !=3.3.*, !=3.4.*"

[package.extras]
dev = ["coverage[toml] (>=5.0.2)", "hypothesis", "pympler", "pytest (>=4.3.0)", "six", "mypy", "pytest-mypy-plugins", "zope.interface", "furo", "sphinx", "sphinx-notfound-page", "pre-commit"]
docs = ["furo", "sphinx", "zope.interface", "sphinx-notfound-page"]
tests = ["coverage[toml] (>=5.0.2)", "hypothesis", "pympler", "pytest (>=4.3.0)", "six", "mypy", "pytest-mypy-plugins", "zope.interface"]
tests_no_zope = ["coverage[toml] (>=5.0.2)", "hypothesis", "pympler", "pytest (>=4.3.0)", "six", "mypy", "pytest-mypy-plugins"]

[[package]]
name = "beautifulsoup4"
version = "4.10.0"
description = "Screen-scraping library"
category = "main"
optional = false
python-versions = ">3.0.0"

[package.dependencies]
soupsieve = ">1.2"

[package.extras]
html5lib = ["html5lib"]
lxml = ["lxml"]

[[package]]
name = "blinker"
version = "1.4"
description = "Fast, simple object-to-object and broadcast signaling"
category = "main"
optional = false
python-versions = "*"

[[package]]
name = "certifi"
version = "2021.5.30"
description = "Python package for providing Mozilla's CA Bundle."
category = "main"
optional = false
python-versions = "*"

[[package]]
name = "chardet"
version = "4.0.0"
description = "Universal encoding detector for Python 2 and 3"
category = "main"
optional = false
python-versions = ">=2.7, !=3.0.*, !=3.1.*, !=3.2.*, !=3.3.*, !=3.4.*"

[[package]]
name = "charset-normalizer"
version = "2.0.6"
description = "The Real First Universal Charset Detector. Open, modern and actively maintained alternative to Chardet."
category = "main"
optional = false
python-versions = ">=3.5.0"

[package.extras]
unicode_backport = ["unicodedata2"]

[[package]]
name = "colorama"
version = "0.4.4"
description = "Cross-platform colored terminal text."
category = "main"
optional = false
python-versions = ">=2.7, !=3.0.*, !=3.1.*, !=3.2.*, !=3.3.*, !=3.4.*"

[[package]]
name = "colorful"
version = "0.5.4"
description = "Terminal string styling done right, in Python."
category = "main"
optional = false
python-versions = "*"

[package.dependencies]
colorama = {version = "*", markers = "platform_system == \"Windows\""}

[[package]]
name = "docutils"
version = "0.17.1"
description = "Docutils -- Python Documentation Utilities"
category = "main"
optional = false
python-versions = ">=2.7, !=3.0.*, !=3.1.*, !=3.2.*, !=3.3.*, !=3.4.*"

[[package]]
name = "feedgenerator"
version = "1.9.1"
description = "Standalone version of django.utils.feedgenerator"
category = "main"
optional = false
python-versions = "*"

[package.dependencies]
pytz = ">=0a"
six = "*"

[[package]]
name = "ghp-import"
version = "1.1.0"
description = "Copy your docs directly to the gh-pages branch."
category = "main"
optional = false
python-versions = "*"

[package.dependencies]
python-dateutil = ">=2.8.1"

[package.extras]
dev = ["flake8", "markdown", "twine"]

[[package]]
name = "html5lib"
version = "1.1"
description = "HTML parser based on the WHATWG HTML specification"
category = "main"
optional = false
python-versions = ">=2.7, !=3.0.*, !=3.1.*, !=3.2.*, !=3.3.*, !=3.4.*"

[package.dependencies]
six = ">=1.9"
webencodings = "*"

[package.extras]
all = ["genshi", "chardet (>=2.2)", "lxml"]
chardet = ["chardet (>=2.2)"]
genshi = ["genshi"]
lxml = ["lxml"]

[[package]]
name = "html5print"
version = "0.1.2"
description = "HTML5, CSS, Javascript Pretty Print"
category = "main"
optional = false
python-versions = "*"

[package.dependencies]
beautifulsoup4 = ">=4.3.2"
chardet = ">=2.2.1"
html5lib = ">=0.999"
ply = "3.4"
requests = ">=2.3.5"
slimit = ">=0.8.1"
tinycss2 = ">=0.4"

[[package]]
name = "htmlmin"
version = "0.1.12"
description = "An HTML Minifier"
category = "main"
optional = false
python-versions = "*"

[[package]]
name = "hyphenate"
version = "1.1.0"
description = "Determine hyphenation breaks in English words"
category = "main"
optional = false
python-versions = "*"

[[package]]
name = "hyphenator"
version = "0.6.0"
description = "Pure Python module to hyphenate text using existing dictionaries"
category = "main"
optional = false
python-versions = "*"

[[package]]
name = "idna"
version = "3.2"
description = "Internationalized Domain Names in Applications (IDNA)"
category = "main"
optional = false
python-versions = ">=3.5"

[[package]]
name = "jinja2"
version = "2.11.3"
description = "A very fast and expressive template engine."
category = "main"
optional = false
python-versions = ">=2.7, !=3.0.*, !=3.1.*, !=3.2.*, !=3.3.*, !=3.4.*"

[package.dependencies]
MarkupSafe = ">=0.23"

[package.extras]
i18n = ["Babel (>=0.8)"]

[[package]]
name = "joblib"
version = "1.0.1"
description = "Lightweight pipelining with Python functions"
category = "main"
optional = false
python-versions = ">=3.6"

[[package]]
name = "markdown"
version = "3.3.4"
description = "Python implementation of Markdown."
category = "main"
optional = false
python-versions = ">=3.6"

[package.extras]
testing = ["coverage", "pyyaml"]

[[package]]
name = "markupsafe"
version = "1.1.1"
description = "Safely add untrusted strings to HTML/XML markup."
category = "main"
optional = false
python-versions = ">=2.7,!=3.0.*,!=3.1.*,!=3.2.*,!=3.3.*"

[[package]]
name = "minchin.pelican.plugins.summary"
version = "1.1.1"
description = "This Pelcan plugin allows easy, variable length summaries directly embedded into the body of your articles."
category = "main"
optional = false
python-versions = "*"

[package.dependencies]
pelican = "*"

[package.extras]
all = ["invoke", "minchin.releaser (>=0.3.1)", "twine", "wheel"]
build = ["invoke", "minchin.releaser (>=0.3.1)", "twine", "wheel"]

[[package]]
name = "pelican"
version = "4.6.0"
description = "Static site generator supporting Markdown and reStructuredText"
category = "main"
optional = false
python-versions = ">=3.6,<4.0"

[package.dependencies]
blinker = ">=1.4"
docutils = ">=0.16"
feedgenerator = ">=1.9"
jinja2 = ">=2.7"
pygments = ">=2.6"
python-dateutil = ">=2.8"
pytz = ">=2020.1"
unidecode = ">=1.1"

[package.extras]
markdown = ["markdown (>=3.1)"]

[[package]]
name = "pelican-minify"
version = "0.9"
description = "An HTML minification plugin for Pelican, the static site generator."
category = "main"
optional = false
python-versions = "*"

[package.dependencies]
htmlmin = ">=0.1.5"
joblib = ">=0.9"
pelican = ">=3.1.1"

[[package]]
name = "ply"
version = "3.4"
description = "Python Lex & Yacc"
category = "main"
optional = false
python-versions = "*"

[[package]]
name = "prettyprinter"
version = "0.18.0"
description = "Syntax-highlighting, declarative and composable pretty printer for Python 3.5+"
category = "main"
optional = false
python-versions = "*"

[package.dependencies]
colorful = ">=0.4.0"
Pygments = ">=2.2.0"

[[package]]
name = "pygments"
version = "2.8.1"
description = "Pygments is a syntax highlighting package written in Python."
category = "main"
optional = false
python-versions = ">=3.5"

[[package]]
name = "pyparsing"
version = "2.4.7"
description = "Python parsing module"
category = "main"
optional = false
python-versions = ">=2.6, !=3.0.*, !=3.1.*, !=3.2.*"

[[package]]
name = "python-dateutil"
version = "2.8.1"
description = "Extensions to the standard Python datetime module"
category = "main"
optional = false
python-versions = "!=3.0.*,!=3.1.*,!=3.2.*,>=2.7"

[package.dependencies]
six = ">=1.5"

[[package]]
name = "pytz"
version = "2021.1"
description = "World timezone definitions, modern and historical"
category = "main"
optional = false
python-versions = "*"

[[package]]
name = "requests"
version = "2.26.0"
description = "Python HTTP for Humans."
category = "main"
optional = false
python-versions = ">=2.7, !=3.0.*, !=3.1.*, !=3.2.*, !=3.3.*, !=3.4.*, !=3.5.*"

[package.dependencies]
certifi = ">=2017.4.17"
charset-normalizer = {version = ">=2.0.0,<2.1.0", markers = "python_version >= \"3\""}
idna = {version = ">=2.5,<4", markers = "python_version >= \"3\""}
urllib3 = ">=1.21.1,<1.27"

[package.extras]
socks = ["PySocks (>=1.5.6,!=1.5.7)", "win-inet-pton"]
use_chardet_on_py3 = ["chardet (>=3.0.2,<5)"]

[[package]]
name = "six"
version = "1.15.0"
description = "Python 2 and 3 compatibility utilities"
category = "main"
optional = false
python-versions = ">=2.7, !=3.0.*, !=3.1.*, !=3.2.*"

[[package]]
name = "slimit"
version = "0.8.1"
description = "SlimIt - JavaScript minifier"
category = "main"
optional = false
python-versions = "*"

[package.dependencies]
ply = ">=3.4"

[[package]]
name = "smartypants"
version = "2.0.1"
description = "Python with the SmartyPants"
category = "main"
optional = false
python-versions = "*"

[[package]]
name = "soupsieve"
version = "2.2.1"
description = "A modern CSS selector implementation for Beautiful Soup."
category = "main"
optional = false
python-versions = ">=3.6"

[[package]]
name = "tinycss2"
version = "1.1.0"
description = "tinycss2"
category = "main"
optional = false
python-versions = ">=3.6"

[package.dependencies]
webencodings = ">=0.4"

[package.extras]
doc = ["sphinx", "sphinx-rtd-theme"]
test = ["pytest", "pytest-cov", "pytest-flake8", "pytest-isort", "coverage"]

[[package]]
name = "typogrify"
version = "2.0.7"
description = "Filters to enhance web typography, including support for Django & Jinja templates"
category = "main"
optional = false
python-versions = "*"

[package.dependencies]
smartypants = ">=1.8.3"

[[package]]
name = "unidecode"
version = "1.2.0"
description = "ASCII transliterations of Unicode text"
category = "main"
optional = false
python-versions = ">=2.7, !=3.0.*, !=3.1.*, !=3.2.*, !=3.3.*"

[[package]]
name = "urllib3"
version = "1.26.7"
description = "HTTP library with thread-safe connection pooling, file post, and more."
category = "main"
optional = false
python-versions = ">=2.7, !=3.0.*, !=3.1.*, !=3.2.*, !=3.3.*, !=3.4.*, <4"

[package.extras]
brotli = ["brotlipy (>=0.6.0)"]
secure = ["pyOpenSSL (>=0.14)", "cryptography (>=1.3.4)", "idna (>=2.0.0)", "certifi", "ipaddress"]
socks = ["PySocks (>=1.5.6,!=1.5.7,<2.0)"]

[[package]]
name = "webencodings"
version = "0.5.1"
description = "Character encoding aliases for legacy web content"
category = "main"
optional = false
python-versions = "*"

[[package]]
name = "xmljson"
version = "0.2.1"
description = "Converts XML into JSON/Python dicts/arrays and vice-versa."
category = "main"
optional = false
python-versions = "*"

[metadata]
lock-version = "1.1"
python-versions = "^3.9"
content-hash = "28a834b0a8383dfe1d4f1531c7ce25ba3cdb6ab7e673f3b10caf11449b4f34da"

[metadata.files]
appdirs = [
    {file = "appdirs-1.4.4-py2.py3-none-any.whl", hash = "sha256:a841dacd6b99318a741b166adb07e19ee71a274450e68237b4650ca1055ab128"},
    {file = "appdirs-1.4.4.tar.gz", hash = "sha256:7d5d0167b2b1ba821647616af46a749d1c653740dd0d2415100fe26e27afdf41"},
]
attrs = [
    {file = "attrs-21.2.0-py2.py3-none-any.whl", hash = "sha256:149e90d6d8ac20db7a955ad60cf0e6881a3f20d37096140088356da6c716b0b1"},
    {file = "attrs-21.2.0.tar.gz", hash = "sha256:ef6aaac3ca6cd92904cdd0d83f629a15f18053ec84e6432106f7a4d04ae4f5fb"},
]
beautifulsoup4 = [
    {file = "beautifulsoup4-4.10.0-py3-none-any.whl", hash = "sha256:9a315ce70049920ea4572a4055bc4bd700c940521d36fc858205ad4fcde149bf"},
    {file = "beautifulsoup4-4.10.0.tar.gz", hash = "sha256:c23ad23c521d818955a4151a67d81580319d4bf548d3d49f4223ae041ff98891"},
]
blinker = [
    {file = "blinker-1.4.tar.gz", hash = "sha256:471aee25f3992bd325afa3772f1063dbdbbca947a041b8b89466dc00d606f8b6"},
]
certifi = [
    {file = "certifi-2021.5.30-py2.py3-none-any.whl", hash = "sha256:50b1e4f8446b06f41be7dd6338db18e0990601dce795c2b1686458aa7e8fa7d8"},
    {file = "certifi-2021.5.30.tar.gz", hash = "sha256:2bbf76fd432960138b3ef6dda3dde0544f27cbf8546c458e60baf371917ba9ee"},
]
chardet = [
    {file = "chardet-4.0.0-py2.py3-none-any.whl", hash = "sha256:f864054d66fd9118f2e67044ac8981a54775ec5b67aed0441892edb553d21da5"},
    {file = "chardet-4.0.0.tar.gz", hash = "sha256:0d6f53a15db4120f2b08c94f11e7d93d2c911ee118b6b30a04ec3ee8310179fa"},
]
charset-normalizer = [
    {file = "charset-normalizer-2.0.6.tar.gz", hash = "sha256:5ec46d183433dcbd0ab716f2d7f29d8dee50505b3fdb40c6b985c7c4f5a3591f"},
    {file = "charset_normalizer-2.0.6-py3-none-any.whl", hash = "sha256:5d209c0a931f215cee683b6445e2d77677e7e75e159f78def0db09d68fafcaa6"},
]
colorama = [
    {file = "colorama-0.4.4-py2.py3-none-any.whl", hash = "sha256:9f47eda37229f68eee03b24b9748937c7dc3868f906e8ba69fbcbdd3bc5dc3e2"},
    {file = "colorama-0.4.4.tar.gz", hash = "sha256:5941b2b48a20143d2267e95b1c2a7603ce057ee39fd88e7329b0c292aa16869b"},
]
colorful = [
    {file = "colorful-0.5.4-py2.py3-none-any.whl", hash = "sha256:8d264b52a39aae4c0ba3e2a46afbaec81b0559a99be0d2cfe2aba4cf94531348"},
    {file = "colorful-0.5.4.tar.gz", hash = "sha256:86848ad4e2eda60cd2519d8698945d22f6f6551e23e95f3f14dfbb60997807ea"},
]
docutils = [
    {file = "docutils-0.17.1-py2.py3-none-any.whl", hash = "sha256:cf316c8370a737a022b72b56874f6602acf974a37a9fba42ec2876387549fc61"},
    {file = "docutils-0.17.1.tar.gz", hash = "sha256:686577d2e4c32380bb50cbb22f575ed742d58168cee37e99117a854bcd88f125"},
]
feedgenerator = [
    {file = "feedgenerator-1.9.1-py3-none-any.whl", hash = "sha256:a81d240a2c74a2ae80c393cfe374aff1a19ed3fe41a488eacc66edbe46d3f422"},
    {file = "feedgenerator-1.9.1.tar.gz", hash = "sha256:a28a5add781509390d1a6a52d017829853ee4bef1d2e7b4d5da0e9d1b395ce54"},
]
ghp-import = [
    {file = "ghp-import-1.1.0.tar.gz", hash = "sha256:c22a9ce10c37753e2688d164d765a700dae4b8d79fa6db0a2c3132ba7881894f"},
]
html5lib = [
    {file = "html5lib-1.1-py2.py3-none-any.whl", hash = "sha256:0d78f8fde1c230e99fe37986a60526d7049ed4bf8a9fadbad5f00e22e58e041d"},
    {file = "html5lib-1.1.tar.gz", hash = "sha256:b2e5b40261e20f354d198eae92afc10d750afb487ed5e50f9c4eaf07c184146f"},
]
html5print = [
    {file = "html5print-0.1.2.tar.gz", hash = "sha256:1ff645698a7192a61f8a5963f23dc894d16fa3346804a2d1ac462683f6e44d4b"},
]
htmlmin = [
    {file = "htmlmin-0.1.12.tar.gz", hash = "sha256:50c1ef4630374a5d723900096a961cff426dff46b48f34d194a81bbe14eca178"},
]
hyphenate = [
    {file = "Hyphenate-1.1.0-py3-none-any.whl", hash = "sha256:7900d8ed6f0b3412a64d0efe1158aca2ce7fd4a78b6e1452fa2ed524de010b6c"},
    {file = "Hyphenate-1.1.0.tar.gz", hash = "sha256:d89584d3f7141e6466aabfcb457520201fc98b54952522bcf07c40e0cbade1e8"},
]
hyphenator = [
    {file = "hyphenator-0.6.0.tar.gz", hash = "sha256:fc0e8b50d687433aa082c069479c44feb4192042f1d05c7af89915f177fd2ec8"},
]
idna = [
    {file = "idna-3.2-py3-none-any.whl", hash = "sha256:14475042e284991034cb48e06f6851428fb14c4dc953acd9be9a5e95c7b6dd7a"},
    {file = "idna-3.2.tar.gz", hash = "sha256:467fbad99067910785144ce333826c71fb0e63a425657295239737f7ecd125f3"},
]
jinja2 = [
    {file = "Jinja2-2.11.3-py2.py3-none-any.whl", hash = "sha256:03e47ad063331dd6a3f04a43eddca8a966a26ba0c5b7207a9a9e4e08f1b29419"},
    {file = "Jinja2-2.11.3.tar.gz", hash = "sha256:a6d58433de0ae800347cab1fa3043cebbabe8baa9d29e668f1c768cb87a333c6"},
]
joblib = [
    {file = "joblib-1.0.1-py3-none-any.whl", hash = "sha256:feeb1ec69c4d45129954f1b7034954241eedfd6ba39b5e9e4b6883be3332d5e5"},
    {file = "joblib-1.0.1.tar.gz", hash = "sha256:9c17567692206d2f3fb9ecf5e991084254fe631665c450b443761c4186a613f7"},
]
markdown = [
    {file = "Markdown-3.3.4-py3-none-any.whl", hash = "sha256:96c3ba1261de2f7547b46a00ea8463832c921d3f9d6aba3f255a6f71386db20c"},
    {file = "Markdown-3.3.4.tar.gz", hash = "sha256:31b5b491868dcc87d6c24b7e3d19a0d730d59d3e46f4eea6430a321bed387a49"},
]
markupsafe = [
    {file = "MarkupSafe-1.1.1-cp27-cp27m-macosx_10_6_intel.whl", hash = "sha256:09027a7803a62ca78792ad89403b1b7a73a01c8cb65909cd876f7fcebd79b161"},
    {file = "MarkupSafe-1.1.1-cp27-cp27m-manylinux1_i686.whl", hash = "sha256:e249096428b3ae81b08327a63a485ad0878de3fb939049038579ac0ef61e17e7"},
    {file = "MarkupSafe-1.1.1-cp27-cp27m-manylinux1_x86_64.whl", hash = "sha256:500d4957e52ddc3351cabf489e79c91c17f6e0899158447047588650b5e69183"},
    {file = "MarkupSafe-1.1.1-cp27-cp27m-win32.whl", hash = "sha256:b2051432115498d3562c084a49bba65d97cf251f5a331c64a12ee7e04dacc51b"},
    {file = "MarkupSafe-1.1.1-cp27-cp27m-win_amd64.whl", hash = "sha256:98c7086708b163d425c67c7a91bad6e466bb99d797aa64f965e9d25c12111a5e"},
    {file = "MarkupSafe-1.1.1-cp27-cp27mu-manylinux1_i686.whl", hash = "sha256:cd5df75523866410809ca100dc9681e301e3c27567cf498077e8551b6d20e42f"},
    {file = "MarkupSafe-1.1.1-cp27-cp27mu-manylinux1_x86_64.whl", hash = "sha256:43a55c2930bbc139570ac2452adf3d70cdbb3cfe5912c71cdce1c2c6bbd9c5d1"},
    {file = "MarkupSafe-1.1.1-cp34-cp34m-macosx_10_6_intel.whl", hash = "sha256:1027c282dad077d0bae18be6794e6b6b8c91d58ed8a8d89a89d59693b9131db5"},
    {file = "MarkupSafe-1.1.1-cp34-cp34m-manylinux1_i686.whl", hash = "sha256:62fe6c95e3ec8a7fad637b7f3d372c15ec1caa01ab47926cfdf7a75b40e0eac1"},
    {file = "MarkupSafe-1.1.1-cp34-cp34m-manylinux1_x86_64.whl", hash = "sha256:88e5fcfb52ee7b911e8bb6d6aa2fd21fbecc674eadd44118a9cc3863f938e735"},
    {file = "MarkupSafe-1.1.1-cp34-cp34m-win32.whl", hash = "sha256:ade5e387d2ad0d7ebf59146cc00c8044acbd863725f887353a10df825fc8ae21"},
    {file = "MarkupSafe-1.1.1-cp34-cp34m-win_amd64.whl", hash = "sha256:09c4b7f37d6c648cb13f9230d847adf22f8171b1ccc4d5682398e77f40309235"},
    {file = "MarkupSafe-1.1.1-cp35-cp35m-macosx_10_6_intel.whl", hash = "sha256:79855e1c5b8da654cf486b830bd42c06e8780cea587384cf6545b7d9ac013a0b"},
    {file = "MarkupSafe-1.1.1-cp35-cp35m-manylinux1_i686.whl", hash = "sha256:c8716a48d94b06bb3b2524c2b77e055fb313aeb4ea620c8dd03a105574ba704f"},
    {file = "MarkupSafe-1.1.1-cp35-cp35m-manylinux1_x86_64.whl", hash = "sha256:7c1699dfe0cf8ff607dbdcc1e9b9af1755371f92a68f706051cc8c37d447c905"},
    {file = "MarkupSafe-1.1.1-cp35-cp35m-win32.whl", hash = "sha256:6dd73240d2af64df90aa7c4e7481e23825ea70af4b4922f8ede5b9e35f78a3b1"},
    {file = "MarkupSafe-1.1.1-cp35-cp35m-win_amd64.whl", hash = "sha256:9add70b36c5666a2ed02b43b335fe19002ee5235efd4b8a89bfcf9005bebac0d"},
    {file = "MarkupSafe-1.1.1-cp36-cp36m-macosx_10_6_intel.whl", hash = "sha256:24982cc2533820871eba85ba648cd53d8623687ff11cbb805be4ff7b4c971aff"},
    {file = "MarkupSafe-1.1.1-cp36-cp36m-manylinux1_i686.whl", hash = "sha256:00bc623926325b26bb9605ae9eae8a215691f33cae5df11ca5424f06f2d1f473"},
    {file = "MarkupSafe-1.1.1-cp36-cp36m-manylinux1_x86_64.whl", hash = "sha256:717ba8fe3ae9cc0006d7c451f0bb265ee07739daf76355d06366154ee68d221e"},
    {file = "MarkupSafe-1.1.1-cp36-cp36m-win32.whl", hash = "sha256:535f6fc4d397c1563d08b88e485c3496cf5784e927af890fb3c3aac7f933ec66"},
    {file = "MarkupSafe-1.1.1-cp36-cp36m-win_amd64.whl", hash = "sha256:b1282f8c00509d99fef04d8ba936b156d419be841854fe901d8ae224c59f0be5"},
    {file = "MarkupSafe-1.1.1-cp37-cp37m-macosx_10_6_intel.whl", hash = "sha256:8defac2f2ccd6805ebf65f5eeb132adcf2ab57aa11fdf4c0dd5169a004710e7d"},
    {file = "MarkupSafe-1.1.1-cp37-cp37m-manylinux1_i686.whl", hash = "sha256:46c99d2de99945ec5cb54f23c8cd5689f6d7177305ebff350a58ce5f8de1669e"},
    {file = "MarkupSafe-1.1.1-cp37-cp37m-manylinux1_x86_64.whl", hash = "sha256:ba59edeaa2fc6114428f1637ffff42da1e311e29382d81b339c1817d37ec93c6"},
    {file = "MarkupSafe-1.1.1-cp37-cp37m-win32.whl", hash = "sha256:b00c1de48212e4cc9603895652c5c410df699856a2853135b3967591e4beebc2"},
    {file = "MarkupSafe-1.1.1-cp37-cp37m-win_amd64.whl", hash = "sha256:9bf40443012702a1d2070043cb6291650a0841ece432556f784f004937f0f32c"},
    {file = "MarkupSafe-1.1.1-cp38-cp38-macosx_10_9_x86_64.whl", hash = "sha256:6788b695d50a51edb699cb55e35487e430fa21f1ed838122d722e0ff0ac5ba15"},
    {file = "MarkupSafe-1.1.1-cp38-cp38-manylinux1_i686.whl", hash = "sha256:cdb132fc825c38e1aeec2c8aa9338310d29d337bebbd7baa06889d09a60a1fa2"},
    {file = "MarkupSafe-1.1.1-cp38-cp38-manylinux1_x86_64.whl", hash = "sha256:13d3144e1e340870b25e7b10b98d779608c02016d5184cfb9927a9f10c689f42"},
    {file = "MarkupSafe-1.1.1-cp38-cp38-win32.whl", hash = "sha256:596510de112c685489095da617b5bcbbac7dd6384aeebeda4df6025d0256a81b"},
    {file = "MarkupSafe-1.1.1-cp38-cp38-win_amd64.whl", hash = "sha256:e8313f01ba26fbbe36c7be1966a7b7424942f670f38e666995b88d012765b9be"},
    {file = "MarkupSafe-1.1.1.tar.gz", hash = "sha256:29872e92839765e546828bb7754a68c418d927cd064fd4708fab9fe9c8bb116b"},
]
"minchin.pelican.plugins.summary" = [
    {file = "minchin.pelican.plugins.summary-1.1.1-py3-none-any.whl", hash = "sha256:0694be108105024a3465e69fdbdd3151bf54987c942903fea7ca754ba5302ca2"},
    {file = "minchin.pelican.plugins.summary-1.1.1.tar.gz", hash = "sha256:31053959ae28ccbd3559f1db4d1ff0e84f84431a7de0c5dbd19ec55b00daefa7"},
]
pelican = [
    {file = "pelican-4.6.0-py3-none-any.whl", hash = "sha256:7ffedec818fb1bc80fc3735782859858052479a99fc083546d9947c1adfe8156"},
    {file = "pelican-4.6.0.tar.gz", hash = "sha256:bff507e454b62b7157001031edca259a40c72225778f6ea8221c201915e41f24"},
]
pelican-minify = [
    {file = "pelican-minify-0.9.tar.gz", hash = "sha256:a0ffa9b1f15089bc4aec4692c5feba87356d427a7946ffd8b6222ac4c7758773"},
    {file = "pelican_minify-0.9-py2.py3-none-any.whl", hash = "sha256:fcefce477d4a24c8972ec8871738100f144e329201ab2b45aab8b5d3b7ba8e65"},
]
ply = [
    {file = "ply-3.4.tar.gz", hash = "sha256:af435f11b7bdd69da5ffbc3fecb8d70a7073ec952e101764c88720cdefb2546b"},
]
prettyprinter = [
    {file = "prettyprinter-0.18.0-py2.py3-none-any.whl", hash = "sha256:358a58f276cb312e3ca29d7a7f244c91e4e0bda7848249d30e4f36d2eb58b67c"},
    {file = "prettyprinter-0.18.0.tar.gz", hash = "sha256:9fe5da7ec53510881dd35d7a5c677ba45f34cfe6a8e78d1abd20652cf82139a8"},
]
pygments = [
    {file = "Pygments-2.8.1-py3-none-any.whl", hash = "sha256:534ef71d539ae97d4c3a4cf7d6f110f214b0e687e92f9cb9d2a3b0d3101289c8"},
    {file = "Pygments-2.8.1.tar.gz", hash = "sha256:2656e1a6edcdabf4275f9a3640db59fd5de107d88e8663c5d4e9a0fa62f77f94"},
]
pyparsing = [
    {file = "pyparsing-2.4.7-py2.py3-none-any.whl", hash = "sha256:ef9d7589ef3c200abe66653d3f1ab1033c3c419ae9b9bdb1240a85b024efc88b"},
    {file = "pyparsing-2.4.7.tar.gz", hash = "sha256:c203ec8783bf771a155b207279b9bccb8dea02d8f0c9e5f8ead507bc3246ecc1"},
]
python-dateutil = [
    {file = "python-dateutil-2.8.1.tar.gz", hash = "sha256:73ebfe9dbf22e832286dafa60473e4cd239f8592f699aa5adaf10050e6e1823c"},
    {file = "python_dateutil-2.8.1-py2.py3-none-any.whl", hash = "sha256:75bb3f31ea686f1197762692a9ee6a7550b59fc6ca3a1f4b5d7e32fb98e2da2a"},
]
pytz = [
    {file = "pytz-2021.1-py2.py3-none-any.whl", hash = "sha256:eb10ce3e7736052ed3623d49975ce333bcd712c7bb19a58b9e2089d4057d0798"},
    {file = "pytz-2021.1.tar.gz", hash = "sha256:83a4a90894bf38e243cf052c8b58f381bfe9a7a483f6a9cab140bc7f702ac4da"},
]
requests = [
    {file = "requests-2.26.0-py2.py3-none-any.whl", hash = "sha256:6c1246513ecd5ecd4528a0906f910e8f0f9c6b8ec72030dc9fd154dc1a6efd24"},
    {file = "requests-2.26.0.tar.gz", hash = "sha256:b8aa58f8cf793ffd8782d3d8cb19e66ef36f7aba4353eec859e74678b01b07a7"},
]
six = [
    {file = "six-1.15.0-py2.py3-none-any.whl", hash = "sha256:8b74bedcbbbaca38ff6d7491d76f2b06b3592611af620f8426e82dddb04a5ced"},
    {file = "six-1.15.0.tar.gz", hash = "sha256:30639c035cdb23534cd4aa2dd52c3bf48f06e5f4a941509c8bafd8ce11080259"},
]
slimit = [
    {file = "slimit-0.8.1.zip", hash = "sha256:f433dcef899f166b207b67d91d3f7344659cb33b8259818f084167244e17720b"},
]
smartypants = [
    {file = "smartypants-2.0.1-py2.py3-none-any.whl", hash = "sha256:8db97f7cbdf08d15b158a86037cd9e116b4cf37703d24e0419a0d64ca5808f0d"},
]
soupsieve = [
    {file = "soupsieve-2.2.1-py3-none-any.whl", hash = "sha256:c2c1c2d44f158cdbddab7824a9af8c4f83c76b1e23e049479aa432feb6c4c23b"},
    {file = "soupsieve-2.2.1.tar.gz", hash = "sha256:052774848f448cf19c7e959adf5566904d525f33a3f8b6ba6f6f8f26ec7de0cc"},
]
tinycss2 = [
    {file = "tinycss2-1.1.0-py3-none-any.whl", hash = "sha256:0353b5234bcaee7b1ac7ca3dea7e02cd338a9f8dcbb8f2dcd32a5795ec1e5f9a"},
    {file = "tinycss2-1.1.0.tar.gz", hash = "sha256:fbdcac3044d60eb85fdb2aa840ece43cf7dbe798e373e6ee0be545d4d134e18a"},
]
typogrify = [
    {file = "typogrify-2.0.7.tar.gz", hash = "sha256:8be4668cda434163ce229d87ca273a11922cb1614cb359970b7dc96eed13cb38"},
]
unidecode = [
    {file = "Unidecode-1.2.0-py2.py3-none-any.whl", hash = "sha256:12435ef2fc4cdfd9cf1035a1db7e98b6b047fe591892e81f34e94959591fad00"},
    {file = "Unidecode-1.2.0.tar.gz", hash = "sha256:8d73a97d387a956922344f6b74243c2c6771594659778744b2dbdaad8f6b727d"},
]
urllib3 = [
    {file = "urllib3-1.26.7-py2.py3-none-any.whl", hash = "sha256:c4fdf4019605b6e5423637e01bc9fe4daef873709a7973e195ceba0a62bbc844"},
    {file = "urllib3-1.26.7.tar.gz", hash = "sha256:4987c65554f7a2dbf30c18fd48778ef124af6fab771a377103da0585e2336ece"},
]
webencodings = [
    {file = "webencodings-0.5.1-py2.py3-none-any.whl", hash = "sha256:a0af1213f3c2226497a97e2b3aa01a7e4bee4f403f95be16fc9acd2947514a78"},
    {file = "webencodings-0.5.1.tar.gz", hash = "sha256:b36a1c245f2d304965eb4e0a82848379241dc04b865afcc4aab16748587e1923"},
]
xmljson = [
    {file = "xmljson-0.2.1-py2.py3-none-any.whl", hash = "sha256:8f1d7aba2c0c1bfa0203b577f21a1d95fde4485205ff638b854cb4d834e639b0"},
    {file = "xmljson-0.2.1.tar.gz", hash = "sha256:b4158e66aa1e62ee39f7f80eb2fe4f767670ba3c0d5de9804420dc53427fdec8"},
]
