[[package]]
name = "appdirs"
version = "1.4.4"
description = "A small Python module for determining appropriate platform-specific dirs, e.g. a \"user data dir\"."
category = "main"
optional = false
python-versions = "*"

[[package]]
name = "attrs"
version = "21.4.0"
description = "Classes Without Boilerplate"
category = "main"
optional = false
python-versions = ">=2.7, !=3.0.*, !=3.1.*, !=3.2.*, !=3.3.*, !=3.4.*"

[package.extras]
dev = ["coverage[toml] (>=5.0.2)", "hypothesis", "pympler", "pytest (>=4.3.0)", "six", "mypy", "pytest-mypy-plugins", "zope.interface", "furo", "sphinx", "sphinx-notfound-page", "pre-commit", "cloudpickle"]
docs = ["furo", "sphinx", "zope.interface", "sphinx-notfound-page"]
tests = ["coverage[toml] (>=5.0.2)", "hypothesis", "pympler", "pytest (>=4.3.0)", "six", "mypy", "pytest-mypy-plugins", "zope.interface", "cloudpickle"]
tests_no_zope = ["coverage[toml] (>=5.0.2)", "hypothesis", "pympler", "pytest (>=4.3.0)", "six", "mypy", "pytest-mypy-plugins", "cloudpickle"]

[[package]]
name = "beautifulsoup4"
version = "4.11.1"
description = "Screen-scraping library"
category = "main"
optional = false
python-versions = ">=3.6.0"

[package.dependencies]
soupsieve = ">1.2"

[package.extras]
html5lib = ["html5lib"]
lxml = ["lxml"]

[[package]]
name = "blinker"
version = "1.5"
description = "Fast, simple object-to-object and broadcast signaling"
category = "main"
optional = false
python-versions = ">=2.7, !=3.0.*, !=3.1.*, !=3.2.*, !=3.3.*, !=3.4.*"

[[package]]
name = "certifi"
version = "2022.12.7"
description = "Python package for providing Mozilla's CA Bundle."
category = "main"
optional = false
python-versions = ">=3.6"

[[package]]
name = "chardet"
version = "5.1.0"
description = "Universal encoding detector for Python 3"
category = "main"
optional = false
python-versions = ">=3.7"

[[package]]
name = "charset-normalizer"
version = "3.0.1"
description = "The Real First Universal Charset Detector. Open, modern and actively maintained alternative to Chardet."
category = "main"
optional = false
python-versions = "*"

[[package]]
name = "colorama"
version = "0.4.6"
description = "Cross-platform colored terminal text."
category = "main"
optional = false
python-versions = "!=3.0.*,!=3.1.*,!=3.2.*,!=3.3.*,!=3.4.*,!=3.5.*,!=3.6.*,>=2.7"

[[package]]
name = "colorful"
version = "0.5.5"
description = "Terminal string styling done right, in Python."
category = "main"
optional = false
python-versions = "*"

[package.dependencies]
colorama = {version = "*", markers = "platform_system == \"Windows\""}

[[package]]
name = "docutils"
version = "0.17.1"
description = "Docutils -- Python Documentation Utilities"
category = "main"
optional = false
python-versions = ">=2.7, !=3.0.*, !=3.1.*, !=3.2.*, !=3.3.*, !=3.4.*"

[[package]]
name = "feedgenerator"
version = "1.9.2"
description = "Standalone version of django.utils.feedgenerator"
category = "main"
optional = false
python-versions = "*"

[package.dependencies]
pytz = ">=0a"
six = "*"

[[package]]
name = "ghp-import"
version = "1.1.0"
description = "Copy your docs directly to the gh-pages branch."
category = "main"
optional = false
python-versions = "*"

[package.dependencies]
python-dateutil = ">=2.8.1"

[package.extras]
dev = ["flake8", "markdown", "twine"]

[[package]]
name = "html5lib"
version = "1.1"
description = "HTML parser based on the WHATWG HTML specification"
category = "main"
optional = false
python-versions = ">=2.7, !=3.0.*, !=3.1.*, !=3.2.*, !=3.3.*, !=3.4.*"

[package.dependencies]
six = ">=1.9"
webencodings = "*"

[package.extras]
all = ["genshi", "chardet (>=2.2)", "lxml"]
chardet = ["chardet (>=2.2)"]
genshi = ["genshi"]
lxml = ["lxml"]

[[package]]
name = "html5print"
version = "0.1.2"
description = "HTML5, CSS, Javascript Pretty Print"
category = "main"
optional = false
python-versions = "*"

[package.dependencies]
beautifulsoup4 = ">=4.3.2"
chardet = ">=2.2.1"
html5lib = ">=0.999"
ply = "3.4"
requests = ">=2.3.5"
slimit = ">=0.8.1"
tinycss2 = ">=0.4"

[[package]]
name = "htmlmin"
version = "0.1.12"
description = "An HTML Minifier"
category = "main"
optional = false
python-versions = "*"

[[package]]
name = "hyphenate"
version = "1.1.0"
description = "Determine hyphenation breaks in English words"
category = "main"
optional = false
python-versions = "*"

[[package]]
name = "hyphenator"
version = "0.6.0"
description = "Pure Python module to hyphenate text using existing dictionaries"
category = "main"
optional = false
python-versions = "*"

[[package]]
name = "idna"
version = "3.4"
description = "Internationalized Domain Names in Applications (IDNA)"
category = "main"
optional = false
python-versions = ">=3.5"

[[package]]
name = "importlib-metadata"
version = "6.0.0"
description = "Read metadata from Python packages"
category = "main"
optional = false
python-versions = ">=3.7"

[package.dependencies]
zipp = ">=0.5"

[package.extras]
docs = ["sphinx (>=3.5)", "jaraco.packaging (>=9)", "rst.linker (>=1.9)", "furo", "sphinx-lint", "jaraco.tidelift (>=1.4)"]
perf = ["ipython"]
testing = ["pytest (>=6)", "pytest-checkdocs (>=2.4)", "flake8 (<5)", "pytest-cov", "pytest-enabler (>=1.3)", "packaging", "pyfakefs", "flufl.flake8", "pytest-perf (>=0.9.2)", "pytest-black (>=0.3.7)", "pytest-mypy (>=0.9.1)", "pytest-flake8", "importlib-resources (>=1.3)"]

[[package]]
name = "jinja2"
version = "2.11.3"
description = "A very fast and expressive template engine."
category = "main"
optional = false
python-versions = ">=2.7, !=3.0.*, !=3.1.*, !=3.2.*, !=3.3.*, !=3.4.*"

[package.dependencies]
MarkupSafe = ">=0.23"

[package.extras]
i18n = ["Babel (>=0.8)"]

[[package]]
name = "joblib"
version = "1.2.0"
description = "Lightweight pipelining with Python functions"
category = "main"
optional = false
python-versions = ">=3.7"

[[package]]
name = "markdown"
version = "3.4.1"
description = "Python implementation of Markdown."
category = "main"
optional = false
python-versions = ">=3.7"

[package.dependencies]
importlib-metadata = {version = ">=4.4", markers = "python_version < \"3.10\""}

[package.extras]
testing = ["coverage", "pyyaml"]

[[package]]
name = "markdown-it-py"
version = "2.1.0"
description = "Python port of markdown-it. Markdown parsing, done right!"
category = "main"
optional = false
python-versions = ">=3.7"

[package.dependencies]
mdurl = ">=0.1,<1.0"

[package.extras]
benchmarking = ["psutil", "pytest", "pytest-benchmark (>=3.2,<4.0)"]
code_style = ["pre-commit (==2.6)"]
compare = ["commonmark (>=0.9.1,<0.10.0)", "markdown (>=3.3.6,<3.4.0)", "mistletoe (>=0.8.1,<0.9.0)", "mistune (>=2.0.2,<2.1.0)", "panflute (>=2.1.3,<2.2.0)"]
linkify = ["linkify-it-py (>=1.0,<2.0)"]
plugins = ["mdit-py-plugins"]
profiling = ["gprof2dot"]
rtd = ["attrs", "myst-parser", "pyyaml", "sphinx", "sphinx-copybutton", "sphinx-design", "sphinx-book-theme"]
testing = ["coverage", "pytest", "pytest-cov", "pytest-regressions"]

[[package]]
name = "markupsafe"
version = "1.1.1"
description = "Safely add untrusted strings to HTML/XML markup."
category = "main"
optional = false
python-versions = ">=2.7,!=3.0.*,!=3.1.*,!=3.2.*,!=3.3.*"

[[package]]
name = "mdurl"
version = "0.1.2"
description = "Markdown URL utilities"
category = "main"
optional = false
python-versions = ">=3.7"

[[package]]
name = "minchin.pelican.plugins.autoloader"
version = "1.1.0"
description = "Pelican plugin, used to auto-load my other plugins."
category = "main"
optional = false
python-versions = "*"

[package.dependencies]
pelican = "*"
semantic-version = "*"

[package.extras]
all = ["pip-tools", "minchin.releaser (>=0.8.2)", "markdown", "minchin.pelican.plugins.nojekyll"]
build = ["pip-tools", "minchin.releaser (>=0.8.2)"]
dev = ["markdown", "minchin.pelican.plugins.nojekyll"]

[[package]]
name = "minchin.pelican.plugins.summary"
version = "1.2.0"
description = "This Pelican plugin allows easy, variable length summaries directly embedded into the body of your articles."
category = "main"
optional = false
python-versions = "*"

[package.dependencies]
"minchin.pelican.plugins.autoloader" = "*"
pelican = "*"
semantic-version = "*"

[package.extras]
all = ["invoke", "twine", "wheel", "minchin.releaser (>=0.3.1)"]
build = ["invoke", "twine", "wheel", "minchin.releaser (>=0.3.1)"]

[[package]]
name = "pelican"
version = "4.8.0"
description = "Static site generator supporting Markdown and reStructuredText"
category = "main"
optional = false
python-versions = ">=3.6,<4.0"

[package.dependencies]
blinker = ">=1.4"
docutils = ">=0.16"
feedgenerator = ">=1.9"
jinja2 = ">=2.7"
pygments = ">=2.6"
python-dateutil = ">=2.8"
pytz = ">=2020.1"
rich = ">=10.1"
unidecode = ">=1.1"

[package.extras]
markdown = ["markdown (>=3.1)"]

[[package]]
name = "pelican-minify"
version = "0.9"
description = "An HTML minification plugin for Pelican, the static site generator."
category = "main"
optional = false
python-versions = "*"

[package.dependencies]
htmlmin = ">=0.1.5"
joblib = ">=0.9"
pelican = ">=3.1.1"

[[package]]
name = "ply"
version = "3.4"
description = "Python Lex & Yacc"
category = "main"
optional = false
python-versions = "*"

[[package]]
name = "prettyprinter"
version = "0.18.0"
description = "Syntax-highlighting, declarative and composable pretty printer for Python 3.5+"
category = "main"
optional = false
python-versions = "*"

[package.dependencies]
colorful = ">=0.4.0"
Pygments = ">=2.2.0"

[[package]]
name = "pygments"
version = "2.14.0"
description = "Pygments is a syntax highlighting package written in Python."
category = "main"
optional = false
python-versions = ">=3.6"

[package.extras]
plugins = ["importlib-metadata"]

[[package]]
name = "pyparsing"
version = "2.4.7"
description = "Python parsing module"
category = "main"
optional = false
python-versions = ">=2.6, !=3.0.*, !=3.1.*, !=3.2.*"

[[package]]
name = "python-dateutil"
version = "2.8.2"
description = "Extensions to the standard Python datetime module"
category = "main"
optional = false
python-versions = "!=3.0.*,!=3.1.*,!=3.2.*,>=2.7"

[package.dependencies]
six = ">=1.5"

[[package]]
name = "pytz"
version = "2022.7.1"
description = "World timezone definitions, modern and historical"
category = "main"
optional = false
python-versions = "*"

[[package]]
name = "requests"
version = "2.28.2"
description = "Python HTTP for Humans."
category = "main"
optional = false
python-versions = ">=3.7, <4"

[package.dependencies]
certifi = ">=2017.4.17"
charset-normalizer = ">=2,<4"
idna = ">=2.5,<4"
urllib3 = ">=1.21.1,<1.27"

[package.extras]
socks = ["PySocks (>=1.5.6,!=1.5.7)"]
use_chardet_on_py3 = ["chardet (>=3.0.2,<6)"]

[[package]]
name = "rich"
version = "13.2.0"
description = "Render rich text, tables, progress bars, syntax highlighting, markdown and more to the terminal"
category = "main"
optional = false
python-versions = ">=3.7.0"

[package.dependencies]
markdown-it-py = ">=2.1.0,<3.0.0"
pygments = ">=2.6.0,<3.0.0"

[package.extras]
jupyter = ["ipywidgets (>=7.5.1,<8.0.0)"]

[[package]]
name = "semantic-version"
version = "2.10.0"
description = "A library implementing the 'SemVer' scheme."
category = "main"
optional = false
python-versions = ">=2.7"

[package.extras]
dev = ["Django (>=1.11)", "nose2", "tox", "check-manifest", "coverage", "flake8", "wheel", "zest.releaser", "readme-renderer (<25.0)", "colorama (<=0.4.1)"]
doc = ["sphinx", "sphinx-rtd-theme"]

[[package]]
name = "six"
version = "1.16.0"
description = "Python 2 and 3 compatibility utilities"
category = "main"
optional = false
python-versions = ">=2.7, !=3.0.*, !=3.1.*, !=3.2.*"

[[package]]
name = "slimit"
version = "0.8.1"
description = "SlimIt - JavaScript minifier"
category = "main"
optional = false
python-versions = "*"

[package.dependencies]
ply = ">=3.4"

[[package]]
name = "smartypants"
version = "2.0.1"
description = "Python with the SmartyPants"
category = "main"
optional = false
python-versions = "*"

[[package]]
name = "soupsieve"
version = "2.3.2.post1"
description = "A modern CSS selector implementation for Beautiful Soup."
category = "main"
optional = false
python-versions = ">=3.6"

[[package]]
name = "tinycss2"
version = "1.2.1"
description = "A tiny CSS parser"
category = "main"
optional = false
python-versions = ">=3.7"

[package.dependencies]
webencodings = ">=0.4"

[package.extras]
doc = ["sphinx", "sphinx-rtd-theme"]
test = ["pytest", "isort", "flake8"]

[[package]]
name = "typogrify"
version = "2.0.7"
description = "Filters to enhance web typography, including support for Django & Jinja templates"
category = "main"
optional = false
python-versions = "*"

[package.dependencies]
smartypants = ">=1.8.3"

[[package]]
name = "unidecode"
version = "1.3.6"
description = "ASCII transliterations of Unicode text"
category = "main"
optional = false
python-versions = ">=3.5"

[[package]]
name = "urllib3"
version = "1.26.14"
description = "HTTP library with thread-safe connection pooling, file post, and more."
category = "main"
optional = false
python-versions = ">=2.7, !=3.0.*, !=3.1.*, !=3.2.*, !=3.3.*, !=3.4.*, !=3.5.*"

[package.extras]
brotli = ["brotlicffi (>=0.8.0)", "brotli (>=1.0.9)", "brotlipy (>=0.6.0)"]
secure = ["pyOpenSSL (>=0.14)", "cryptography (>=1.3.4)", "idna (>=2.0.0)", "certifi", "urllib3-secure-extra", "ipaddress"]
socks = ["PySocks (>=1.5.6,!=1.5.7,<2.0)"]

[[package]]
name = "webencodings"
version = "0.5.1"
description = "Character encoding aliases for legacy web content"
category = "main"
optional = false
python-versions = "*"

[[package]]
name = "xmljson"
version = "0.2.1"
description = "Converts XML into JSON/Python dicts/arrays and vice-versa."
category = "main"
optional = false
python-versions = "*"

[[package]]
name = "zipp"
version = "3.11.0"
description = "Backport of pathlib-compatible object wrapper for zip files"
category = "main"
optional = false
python-versions = ">=3.7"

[package.extras]
docs = ["sphinx (>=3.5)", "jaraco.packaging (>=9)", "rst.linker (>=1.9)", "furo", "jaraco.tidelift (>=1.4)"]
testing = ["pytest (>=6)", "pytest-checkdocs (>=2.4)", "flake8 (<5)", "pytest-cov", "pytest-enabler (>=1.3)", "jaraco.itertools", "func-timeout", "jaraco.functools", "more-itertools", "pytest-black (>=0.3.7)", "pytest-mypy (>=0.9.1)", "pytest-flake8"]

[metadata]
lock-version = "1.1"
python-versions = "^3.9"
content-hash = "4e41f4639d4f84cb074c1c5e7cd609e7612f50eaa19e9cff9a51fb3afdca6e0a"

[metadata.files]
appdirs = []
attrs = []
beautifulsoup4 = []
blinker = []
certifi = []
chardet = []
charset-normalizer = []
colorama = []
colorful = []
docutils = []
feedgenerator = []
ghp-import = []
html5lib = []
html5print = []
htmlmin = []
hyphenate = []
hyphenator = []
idna = []
importlib-metadata = []
jinja2 = []
joblib = []
markdown = []
markdown-it-py = []
markupsafe = []
mdurl = []
"minchin.pelican.plugins.autoloader" = []
"minchin.pelican.plugins.summary" = []
pelican = []
pelican-minify = []
ply = []
prettyprinter = []
pygments = []
pyparsing = []
python-dateutil = [
    {file = "python-dateutil-2.8.2.tar.gz", hash = "sha256:0123cacc1627ae19ddf3c27a5de5bd67ee4586fbdd6440d9748f8abb483d3e86"},
    {file = "python_dateutil-2.8.2-py2.py3-none-any.whl", hash = "sha256:961d03dc3453ebbc59dbdea9e4e11c5651520a876d0f4db161e8674aae935da9"},
]
pytz = []
requests = []
rich = []
semantic-version = []
six = [
    {file = "six-1.16.0-py2.py3-none-any.whl", hash = "sha256:8abb2f1d86890a2dfb989f9a77cfcfd3e47c2a354b01111771326f8aa26e0254"},
    {file = "six-1.16.0.tar.gz", hash = "sha256:1e61c37477a1626458e36f7b1d82aa5c9b094fa4802892072e49de9c60c4c926"},
]
slimit = []
smartypants = []
soupsieve = []
tinycss2 = []
typogrify = []
unidecode = []
urllib3 = []
webencodings = [
    {file = "webencodings-0.5.1-py2.py3-none-any.whl", hash = "sha256:a0af1213f3c2226497a97e2b3aa01a7e4bee4f403f95be16fc9acd2947514a78"},
    {file = "webencodings-0.5.1.tar.gz", hash = "sha256:b36a1c245f2d304965eb4e0a82848379241dc04b865afcc4aab16748587e1923"},
]
xmljson = []
zipp = []
